
Microsoft Visual Studio Solution File, Format Version 12.00
# Visual Studio Version 17
VisualStudioVersion = 17.14.36221.1 d17.14
MinimumVisualStudioVersion = 10.0.40219.1
Project("{FAE04EC0-301F-11D3-BF4B-00C04F79EFBC}") = "SpritaiScanNetwork", "SpritaiScanNetwork\SpritaiScanNetwork.csproj", "{48379D13-2A55-4D46-9290-DA8FF7C945B7}"
EndProject
Global
	GlobalSection(SolutionConfigurationPlatforms) = preSolution
		Debug|Any CPU = Debug|Any CPU
		Release|Any CPU = Release|Any CPU
	EndGlobalSection
	GlobalSection(ProjectConfigurationPlatforms) = postSolution
		{48379D13-2A55-4D46-9290-DA8FF7C945B7}.Debug|Any CPU.ActiveCfg = Debug|Any CPU
		{48379D13-2A55-4D46-9290-DA8FF7C945B7}.Debug|Any CPU.Build.0 = Debug|Any CPU
		{48379D13-2A55-4D46-9290-DA8FF7C945B7}.Release|Any CPU.ActiveCfg = Release|Any CPU
		{48379D13-2A55-4D46-9290-DA8FF7C945B7}.Release|Any CPU.Build.0 = Release|Any CPU
	EndGlobalSection
	GlobalSection(SolutionProperties) = preSolution
		HideSolutionNode = FALSE
	EndGlobalSection
	GlobalSection(ExtensibilityGlobals) = postSolution
		SolutionGuid = {36A9B7E3-47C5-4DD1-BC2A-446C8032A7A5}
	EndGlobalSection
EndGlobal
